// !$*UTF8*$!
{
	archiveVersion = 1;
	classes = {
	};
	objectVersion = 50;
	objects = {

/* Begin PBXBuildFile section */
		B51B529D236091F1008E4808 /* AppDelegate.swift in Sources */ = {isa = PBXBuildFile; fileRef = B51B529C236091F1008E4808 /* AppDelegate.swift */; };
		B51B52A4236091F1008E4808 /* Main.storyboard in Resources */ = {isa = PBXBuildFile; fileRef = B51B52A2236091F1008E4808 /* Main.storyboard */; };
		B51B52A6236091F5008E4808 /* Assets.xcassets in Resources */ = {isa = PBXBuildFile; fileRef = B51B52A5236091F5008E4808 /* Assets.xcassets */; };
		B51B52A9236091F5008E4808 /* LaunchScreen.storyboard in Resources */ = {isa = PBXBuildFile; fileRef = B51B52A7236091F5008E4808 /* LaunchScreen.storyboard */; };
		B51B52B62361935C008E4808 /* HomeViewController.swift in Sources */ = {isa = PBXBuildFile; fileRef = B51B52B52361935C008E4808 /* HomeViewController.swift */; };
		B51B52BC23619538008E4808 /* MenuTableViewController.swift in Sources */ = {isa = PBXBuildFile; fileRef = B51B52BB23619538008E4808 /* MenuTableViewController.swift */; };
		B51B52BF23619861008E4808 /* MenuItemTableViewCell.swift in Sources */ = {isa = PBXBuildFile; fileRef = B51B52BE23619861008E4808 /* MenuItemTableViewCell.swift */; };
		B51B52C123619E48008E4808 /* MenuAppearance.swift in Sources */ = {isa = PBXBuildFile; fileRef = B51B52C023619E48008E4808 /* MenuAppearance.swift */; };
		B51B52C32361A93E008E4808 /* UsersContainer.swift in Sources */ = {isa = PBXBuildFile; fileRef = B51B52C22361A93E008E4808 /* UsersContainer.swift */; };
		B51B52C82361ADA9008E4808 /* ListContainer.swift in Sources */ = {isa = PBXBuildFile; fileRef = B51B52C72361ADA9008E4808 /* ListContainer.swift */; };
		B51B52CA2361ADBA008E4808 /* SettingsContainer.swift in Sources */ = {isa = PBXBuildFile; fileRef = B51B52C92361ADBA008E4808 /* SettingsContainer.swift */; };
		B55690242361B22A003F259D /* Networker.swift in Sources */ = {isa = PBXBuildFile; fileRef = B55690232361B22A003F259D /* Networker.swift */; };
		B55690262361B2AA003F259D /* General.swift in Sources */ = {isa = PBXBuildFile; fileRef = B55690252361B2AA003F259D /* General.swift */; };
		B55690282361B2F3003F259D /* UserModel.swift in Sources */ = {isa = PBXBuildFile; fileRef = B55690272361B2F3003F259D /* UserModel.swift */; };
		B560C6AA23672DBE00B370BF /* BaseViewControlle.swift in Sources */ = {isa = PBXBuildFile; fileRef = B560C6A923672DBE00B370BF /* BaseViewControlle.swift */; };
		B560C6AC23672DF500B370BF /* BaseNavigationController.swift in Sources */ = {isa = PBXBuildFile; fileRef = B560C6AB23672DF500B370BF /* BaseNavigationController.swift */; };
		B560C6B02367318600B370BF /* UsersCell.swift in Sources */ = {isa = PBXBuildFile; fileRef = B560C6AE2367318600B370BF /* UsersCell.swift */; };
		B560C6B12367318600B370BF /* UsersCell.xib in Resources */ = {isa = PBXBuildFile; fileRef = B560C6AF2367318600B370BF /* UsersCell.xib */; };
		B560C6B42367333100B370BF /* CacheImageView.swift in Sources */ = {isa = PBXBuildFile; fileRef = B560C6B32367333100B370BF /* CacheImageView.swift */; };
		B560C6B82367407500B370BF /* DetailUserController.swift in Sources */ = {isa = PBXBuildFile; fileRef = B560C6B62367407500B370BF /* DetailUserController.swift */; };
		B560C6BD2367419600B370BF /* UserCollectionCell.swift in Sources */ = {isa = PBXBuildFile; fileRef = B560C6BB2367419600B370BF /* UserCollectionCell.swift */; };
		B560C6BE2367419600B370BF /* UserCollectionCell.xib in Resources */ = {isa = PBXBuildFile; fileRef = B560C6BC2367419600B370BF /* UserCollectionCell.xib */; };
		B560C6C02367469800B370BF /* String.swift in Sources */ = {isa = PBXBuildFile; fileRef = B560C6BF2367469800B370BF /* String.swift */; };
/* End PBXBuildFile section */

/* Begin PBXFileReference section */
		B51B5299236091F1008E4808 /* sidebar.app */ = {isa = PBXFileReference; explicitFileType = wrapper.application; includeInIndex = 0; path = sidebar.app; sourceTree = BUILT_PRODUCTS_DIR; };
		B51B529C236091F1008E4808 /* AppDelegate.swift */ = {isa = PBXFileReference; lastKnownFileType = sourcecode.swift; path = AppDelegate.swift; sourceTree = "<group>"; };
		B51B52A3236091F1008E4808 /* Base */ = {isa = PBXFileReference; lastKnownFileType = file.storyboard; name = Base; path = Base.lproj/Main.storyboard; sourceTree = "<group>"; };
		B51B52A5236091F5008E4808 /* Assets.xcassets */ = {isa = PBXFileReference; lastKnownFileType = folder.assetcatalog; path = Assets.xcassets; sourceTree = "<group>"; };
		B51B52A8236091F5008E4808 /* Base */ = {isa = PBXFileReference; lastKnownFileType = file.storyboard; name = Base; path = Base.lproj/LaunchScreen.storyboard; sourceTree = "<group>"; };
		B51B52AA236091F5008E4808 /* Info.plist */ = {isa = PBXFileReference; lastKnownFileType = text.plist.xml; path = Info.plist; sourceTree = "<group>"; };
		B51B52B52361935C008E4808 /* HomeViewController.swift */ = {isa = PBXFileReference; lastKnownFileType = sourcecode.swift; path = HomeViewController.swift; sourceTree = "<group>"; };
		B51B52BB23619538008E4808 /* MenuTableViewController.swift */ = {isa = PBXFileReference; lastKnownFileType = sourcecode.swift; path = MenuTableViewController.swift; sourceTree = "<group>"; };
		B51B52BE23619861008E4808 /* MenuItemTableViewCell.swift */ = {isa = PBXFileReference; lastKnownFileType = sourcecode.swift; path = MenuItemTableViewCell.swift; sourceTree = "<group>"; };
		B51B52C023619E48008E4808 /* MenuAppearance.swift */ = {isa = PBXFileReference; lastKnownFileType = sourcecode.swift; path = MenuAppearance.swift; sourceTree = "<group>"; };
		B51B52C22361A93E008E4808 /* UsersContainer.swift */ = {isa = PBXFileReference; lastKnownFileType = sourcecode.swift; path = UsersContainer.swift; sourceTree = "<group>"; };
		B51B52C72361ADA9008E4808 /* ListContainer.swift */ = {isa = PBXFileReference; lastKnownFileType = sourcecode.swift; path = ListContainer.swift; sourceTree = "<group>"; };
		B51B52C92361ADBA008E4808 /* SettingsContainer.swift */ = {isa = PBXFileReference; lastKnownFileType = sourcecode.swift; path = SettingsContainer.swift; sourceTree = "<group>"; };
		B55690232361B22A003F259D /* Networker.swift */ = {isa = PBXFileReference; lastKnownFileType = sourcecode.swift; path = Networker.swift; sourceTree = "<group>"; };
		B55690252361B2AA003F259D /* General.swift */ = {isa = PBXFileReference; lastKnownFileType = sourcecode.swift; path = General.swift; sourceTree = "<group>"; };
		B55690272361B2F3003F259D /* UserModel.swift */ = {isa = PBXFileReference; lastKnownFileType = sourcecode.swift; path = UserModel.swift; sourceTree = "<group>"; };
		B560C6A923672DBE00B370BF /* BaseViewControlle.swift */ = {isa = PBXFileReference; lastKnownFileType = sourcecode.swift; path = BaseViewControlle.swift; sourceTree = "<group>"; };
		B560C6AB23672DF500B370BF /* BaseNavigationController.swift */ = {isa = PBXFileReference; lastKnownFileType = sourcecode.swift; path = BaseNavigationController.swift; sourceTree = "<group>"; };
		B560C6AE2367318600B370BF /* UsersCell.swift */ = {isa = PBXFileReference; lastKnownFileType = sourcecode.swift; path = UsersCell.swift; sourceTree = "<group>"; };
		B560C6AF2367318600B370BF /* UsersCell.xib */ = {isa = PBXFileReference; lastKnownFileType = file.xib; path = UsersCell.xib; sourceTree = "<group>"; };
		B560C6B32367333100B370BF /* CacheImageView.swift */ = {isa = PBXFileReference; lastKnownFileType = sourcecode.swift; path = CacheImageView.swift; sourceTree = "<group>"; };
		B560C6B62367407500B370BF /* DetailUserController.swift */ = {isa = PBXFileReference; lastKnownFileType = sourcecode.swift; path = DetailUserController.swift; sourceTree = "<group>"; };
		B560C6BB2367419600B370BF /* UserCollectionCell.swift */ = {isa = PBXFileReference; lastKnownFileType = sourcecode.swift; path = UserCollectionCell.swift; sourceTree = "<group>"; };
		B560C6BC2367419600B370BF /* UserCollectionCell.xib */ = {isa = PBXFileReference; lastKnownFileType = file.xib; path = UserCollectionCell.xib; sourceTree = "<group>"; };
		B560C6BF2367469800B370BF /* String.swift */ = {isa = PBXFileReference; lastKnownFileType = sourcecode.swift; path = String.swift; sourceTree = "<group>"; };
/* End PBXFileReference section */

/* Begin PBXFrameworksBuildPhase section */
		B51B5296236091F1008E4808 /* Frameworks */ = {
			isa = PBXFrameworksBuildPhase;
			buildActionMask = 2147483647;
			files = (
			);
			runOnlyForDeploymentPostprocessing = 0;
		};
/* End PBXFrameworksBuildPhase section */

/* Begin PBXGroup section */
		B51B5290236091F1008E4808 = {
			isa = PBXGroup;
			children = (
				B51B529B236091F1008E4808 /* sidebar */,
				B51B529A236091F1008E4808 /* Products */,
			);
			sourceTree = "<group>";
		};
		B51B529A236091F1008E4808 /* Products */ = {
			isa = PBXGroup;
			children = (
				B51B5299236091F1008E4808 /* sidebar.app */,
			);
			name = Products;
			sourceTree = "<group>";
		};
		B51B529B236091F1008E4808 /* sidebar */ = {
			isa = PBXGroup;
			children = (
				B51B52CC2361AECE008E4808 /* Services */,
				B51B52B123618DD6008E4808 /* Sources */,
				B560C6A723672D8700B370BF /* Common */,
				B51B52B223618DDC008E4808 /* Supported files */,
			);
			path = sidebar;
			sourceTree = "<group>";
		};
		B51B52B123618DD6008E4808 /* Sources */ = {
			isa = PBXGroup;
			children = (
				B560C6B52367403A00B370BF /* DetailUserController */,
				B51B52B32361932B008E4808 /* MenuController */,
				B51B52B42361933F008E4808 /* UsersController */,
				B51B52C52361A94D008E4808 /* ListController */,
				B51B52C62361A95C008E4808 /* SettingsController */,
				B51B52A2236091F1008E4808 /* Main.storyboard */,
			);
			path = Sources;
			sourceTree = "<group>";
		};
		B51B52B223618DDC008E4808 /* Supported files */ = {
			isa = PBXGroup;
			children = (
				B51B529C236091F1008E4808 /* AppDelegate.swift */,
				B51B52A5236091F5008E4808 /* Assets.xcassets */,
				B51B52A7236091F5008E4808 /* LaunchScreen.storyboard */,
				B51B52AA236091F5008E4808 /* Info.plist */,
			);
			path = "Supported files";
			sourceTree = "<group>";
		};
		B51B52B32361932B008E4808 /* MenuController */ = {
			isa = PBXGroup;
			children = (
				B51B52BD2361982D008E4808 /* MenuItemCell */,
				B51B52BB23619538008E4808 /* MenuTableViewController.swift */,
				B51B52C023619E48008E4808 /* MenuAppearance.swift */,
				B51B52B52361935C008E4808 /* HomeViewController.swift */,
			);
			path = MenuController;
			sourceTree = "<group>";
		};
		B51B52B42361933F008E4808 /* UsersController */ = {
			isa = PBXGroup;
			children = (
				B560C6AD2367315E00B370BF /* CustomCell */,
				B51B52CB2361AEC5008E4808 /* Model */,
				B51B52C22361A93E008E4808 /* UsersContainer.swift */,
			);
			path = UsersController;
			sourceTree = "<group>";
		};
		B51B52BD2361982D008E4808 /* MenuItemCell */ = {
			isa = PBXGroup;
			children = (
				B51B52BE23619861008E4808 /* MenuItemTableViewCell.swift */,
			);
			path = MenuItemCell;
			sourceTree = "<group>";
		};
		B51B52C52361A94D008E4808 /* ListController */ = {
			isa = PBXGroup;
			children = (
				B51B52C72361ADA9008E4808 /* ListContainer.swift */,
			);
			path = ListController;
			sourceTree = "<group>";
		};
		B51B52C62361A95C008E4808 /* SettingsController */ = {
			isa = PBXGroup;
			children = (
				B51B52C92361ADBA008E4808 /* SettingsContainer.swift */,
			);
			path = SettingsController;
			sourceTree = "<group>";
		};
		B51B52CB2361AEC5008E4808 /* Model */ = {
			isa = PBXGroup;
			children = (
				B55690272361B2F3003F259D /* UserModel.swift */,
			);
			path = Model;
			sourceTree = "<group>";
		};
		B51B52CC2361AECE008E4808 /* Services */ = {
			isa = PBXGroup;
			children = (
				B55690232361B22A003F259D /* Networker.swift */,
				B55690252361B2AA003F259D /* General.swift */,
			);
			path = Services;
			sourceTree = "<group>";
		};
		B560C6A723672D8700B370BF /* Common */ = {
			isa = PBXGroup;
			children = (
				B560C6B2236732A600B370BF /* Extension */,
				B560C6A823672D9100B370BF /* BaseController */,
			);
			path = Common;
			sourceTree = "<group>";
		};
		B560C6A823672D9100B370BF /* BaseController */ = {
			isa = PBXGroup;
			children = (
				B560C6A923672DBE00B370BF /* BaseViewControlle.swift */,
				B560C6AB23672DF500B370BF /* BaseNavigationController.swift */,
			);
			path = BaseController;
			sourceTree = "<group>";
		};
		B560C6AD2367315E00B370BF /* CustomCell */ = {
			isa = PBXGroup;
			children = (
				B560C6AE2367318600B370BF /* UsersCell.swift */,
				B560C6AF2367318600B370BF /* UsersCell.xib */,
			);
			path = CustomCell;
			sourceTree = "<group>";
		};
		B560C6B2236732A600B370BF /* Extension */ = {
			isa = PBXGroup;
			children = (
				B560C6B32367333100B370BF /* CacheImageView.swift */,
				B560C6BF2367469800B370BF /* String.swift */,
			);
			path = Extension;
			sourceTree = "<group>";
		};
		B560C6B52367403A00B370BF /* DetailUserController */ = {
			isa = PBXGroup;
			children = (
				B560C6BA2367416300B370BF /* CustomCell */,
				B560C6B62367407500B370BF /* DetailUserController.swift */,
			);
			path = DetailUserController;
			sourceTree = "<group>";
		};
		B560C6BA2367416300B370BF /* CustomCell */ = {
			isa = PBXGroup;
			children = (
				B560C6BB2367419600B370BF /* UserCollectionCell.swift */,
				B560C6BC2367419600B370BF /* UserCollectionCell.xib */,
			);
			path = CustomCell;
			sourceTree = "<group>";
		};
/* End PBXGroup section */

/* Begin PBXNativeTarget section */
		B51B5298236091F1008E4808 /* sidebar */ = {
			isa = PBXNativeTarget;
			buildConfigurationList = B51B52AD236091F5008E4808 /* Build configuration list for PBXNativeTarget "sidebar" */;
			buildPhases = (
				B51B5295236091F1008E4808 /* Sources */,
				B51B5296236091F1008E4808 /* Frameworks */,
				B51B5297236091F1008E4808 /* Resources */,
			);
			buildRules = (
			);
			dependencies = (
			);
			name = sidebar;
			productName = sidebar;
			productReference = B51B5299236091F1008E4808 /* sidebar.app */;
			productType = "com.apple.product-type.application";
		};
/* End PBXNativeTarget section */

/* Begin PBXProject section */
		B51B5291236091F1008E4808 /* Project object */ = {
			isa = PBXProject;
			attributes = {
				LastSwiftUpdateCheck = 1100;
				LastUpgradeCheck = 1100;
				ORGANIZATIONNAME = "Konstantin Igorevich";
				TargetAttributes = {
					B51B5298236091F1008E4808 = {
						CreatedOnToolsVersion = 11.0;
					};
				};
			};
			buildConfigurationList = B51B5294236091F1008E4808 /* Build configuration list for PBXProject "sidebar" */;
			compatibilityVersion = "Xcode 9.3";
			developmentRegion = en;
			hasScannedForEncodings = 0;
			knownRegions = (
				en,
				Base,
			);
			mainGroup = B51B5290236091F1008E4808;
			productRefGroup = B51B529A236091F1008E4808 /* Products */;
			projectDirPath = "";
			projectRoot = "";
			targets = (
				B51B5298236091F1008E4808 /* sidebar */,
			);
		};
/* End PBXProject section */

/* Begin PBXResourcesBuildPhase section */
		B51B5297236091F1008E4808 /* Resources */ = {
			isa = PBXResourcesBuildPhase;
			buildActionMask = 2147483647;
			files = (
				B560C6B12367318600B370BF /* UsersCell.xib in Resources */,
				B51B52A9236091F5008E4808 /* LaunchScreen.storyboard in Resources */,
				B560C6BE2367419600B370BF /* UserCollectionCell.xib in Resources */,
				B51B52A6236091F5008E4808 /* Assets.xcassets in Resources */,
				B51B52A4236091F1008E4808 /* Main.storyboard in Resources */,
			);
			runOnlyForDeploymentPostprocessing = 0;
		};
/* End PBXResourcesBuildPhase section */

/* Begin PBXSourcesBuildPhase section */
		B51B5295236091F1008E4808 /* Sources */ = {
			isa = PBXSourcesBuildPhase;
			buildActionMask = 2147483647;
			files = (
				B560C6BD2367419600B370BF /* UserCollectionCell.swift in Sources */,
				B51B52BC23619538008E4808 /* MenuTableViewController.swift in Sources */,
				B55690262361B2AA003F259D /* General.swift in Sources */,
				B560C6AC23672DF500B370BF /* BaseNavigationController.swift in Sources */,
				B51B529D236091F1008E4808 /* AppDelegate.swift in Sources */,
				B51B52C32361A93E008E4808 /* UsersContainer.swift in Sources */,
				B51B52CA2361ADBA008E4808 /* SettingsContainer.swift in Sources */,
				B560C6B42367333100B370BF /* CacheImageView.swift in Sources */,
				B51B52C123619E48008E4808 /* MenuAppearance.swift in Sources */,
				B560C6B82367407500B370BF /* DetailUserController.swift in Sources */,
				B55690242361B22A003F259D /* Networker.swift in Sources */,
				B51B52C82361ADA9008E4808 /* ListContainer.swift in Sources */,
				B560C6C02367469800B370BF /* String.swift in Sources */,
				B51B52B62361935C008E4808 /* HomeViewController.swift in Sources */,
				B55690282361B2F3003F259D /* UserModel.swift in Sources */,
				B560C6AA23672DBE00B370BF /* BaseViewControlle.swift in Sources */,
				B560C6B02367318600B370BF /* UsersCell.swift in Sources */,
				B51B52BF23619861008E4808 /* MenuItemTableViewCell.swift in Sources */,
			);
			runOnlyForDeploymentPostprocessing = 0;
		};
/* End PBXSourcesBuildPhase section */

/* Begin PBXVariantGroup section */
		B51B52A2236091F1008E4808 /* Main.storyboard */ = {
			isa = PBXVariantGroup;
			children = (
				B51B52A3236091F1008E4808 /* Base */,
			);
			name = Main.storyboard;
			sourceTree = "<group>";
		};
		B51B52A7236091F5008E4808 /* LaunchScreen.storyboard */ = {
			isa = PBXVariantGroup;
			children = (
				B51B52A8236091F5008E4808 /* Base */,
			);
			name = LaunchScreen.storyboard;
			sourceTree = "<group>";
		};
/* End PBXVariantGroup section */

/* Begin XCBuildConfiguration section */
		B51B52AB236091F5008E4808 /* Debug */ = {
			isa = XCBuildConfiguration;
			buildSettings = {
				ALWAYS_SEARCH_USER_PATHS = NO;
				CLANG_ANALYZER_NONNULL = YES;
				CLANG_ANALYZER_NUMBER_OBJECT_CONVERSION = YES_AGGRESSIVE;
				CLANG_CXX_LANGUAGE_STANDARD = "gnu++14";
				CLANG_CXX_LIBRARY = "libc++";
				CLANG_ENABLE_MODULES = YES;
				CLANG_ENABLE_OBJC_ARC = YES;
				CLANG_ENABLE_OBJC_WEAK = YES;
				CLANG_WARN_BLOCK_CAPTURE_AUTORELEASING = YES;
				CLANG_WARN_BOOL_CONVERSION = YES;
				CLANG_WARN_COMMA = YES;
				CLANG_WARN_CONSTANT_CONVERSION = YES;
				CLANG_WARN_DEPRECATED_OBJC_IMPLEMENTATIONS = YES;
				CLANG_WARN_DIRECT_OBJC_ISA_USAGE = YES_ERROR;
				CLANG_WARN_DOCUMENTATION_COMMENTS = YES;
				CLANG_WARN_EMPTY_BODY = YES;
				CLANG_WARN_ENUM_CONVERSION = YES;
				CLANG_WARN_INFINITE_RECURSION = YES;
				CLANG_WARN_INT_CONVERSION = YES;
				CLANG_WARN_NON_LITERAL_NULL_CONVERSION = YES;
				CLANG_WARN_OBJC_IMPLICIT_RETAIN_SELF = YES;
				CLANG_WARN_OBJC_LITERAL_CONVERSION = YES;
				CLANG_WARN_OBJC_ROOT_CLASS = YES_ERROR;
				CLANG_WARN_RANGE_LOOP_ANALYSIS = YES;
				CLANG_WARN_STRICT_PROTOTYPES = YES;
				CLANG_WARN_SUSPICIOUS_MOVE = YES;
				CLANG_WARN_UNGUARDED_AVAILABILITY = YES_AGGRESSIVE;
				CLANG_WARN_UNREACHABLE_CODE = YES;
				CLANG_WARN__DUPLICATE_METHOD_MATCH = YES;
				COPY_PHASE_STRIP = NO;
				DEBUG_INFORMATION_FORMAT = dwarf;
				ENABLE_STRICT_OBJC_MSGSEND = YES;
				ENABLE_TESTABILITY = YES;
				GCC_C_LANGUAGE_STANDARD = gnu11;
				GCC_DYNAMIC_NO_PIC = NO;
				GCC_NO_COMMON_BLOCKS = YES;
				GCC_OPTIMIZATION_LEVEL = 0;
				GCC_PREPROCESSOR_DEFINITIONS = (
					"DEBUG=1",
					"$(inherited)",
				);
				GCC_WARN_64_TO_32_BIT_CONVERSION = YES;
				GCC_WARN_ABOUT_RETURN_TYPE = YES_ERROR;
				GCC_WARN_UNDECLARED_SELECTOR = YES;
				GCC_WARN_UNINITIALIZED_AUTOS = YES_AGGRESSIVE;
				GCC_WARN_UNUSED_FUNCTION = YES;
				GCC_WARN_UNUSED_VARIABLE = YES;
				IPHONEOS_DEPLOYMENT_TARGET = 13.0;
				MTL_ENABLE_DEBUG_INFO = INCLUDE_SOURCE;
				MTL_FAST_MATH = YES;
				ONLY_ACTIVE_ARCH = YES;
				SDKROOT = iphoneos;
				SWIFT_ACTIVE_COMPILATION_CONDITIONS = DEBUG;
				SWIFT_OPTIMIZATION_LEVEL = "-Onone";
			};
			name = Debug;
		};
		B51B52AC236091F5008E4808 /* Release */ = {
			isa = XCBuildConfiguration;
			buildSettings = {
				ALWAYS_SEARCH_USER_PATHS = NO;
				CLANG_ANALYZER_NONNULL = YES;
				CLANG_ANALYZER_NUMBER_OBJECT_CONVERSION = YES_AGGRESSIVE;
				CLANG_CXX_LANGUAGE_STANDARD = "gnu++14";
				CLANG_CXX_LIBRARY = "libc++";
				CLANG_ENABLE_MODULES = YES;
				CLANG_ENABLE_OBJC_ARC = YES;
				CLANG_ENABLE_OBJC_WEAK = YES;
				CLANG_WARN_BLOCK_CAPTURE_AUTORELEASING = YES;
				CLANG_WARN_BOOL_CONVERSION = YES;
				CLANG_WARN_COMMA = YES;
				CLANG_WARN_CONSTANT_CONVERSION = YES;
				CLANG_WARN_DEPRECATED_OBJC_IMPLEMENTATIONS = YES;
				CLANG_WARN_DIRECT_OBJC_ISA_USAGE = YES_ERROR;
				CLANG_WARN_DOCUMENTATION_COMMENTS = YES;
				CLANG_WARN_EMPTY_BODY = YES;
				CLANG_WARN_ENUM_CONVERSION = YES;
				CLANG_WARN_INFINITE_RECURSION = YES;
				CLANG_WARN_INT_CONVERSION = YES;
				CLANG_WARN_NON_LITERAL_NULL_CONVERSION = YES;
				CLANG_WARN_OBJC_IMPLICIT_RETAIN_SELF = YES;
				CLANG_WARN_OBJC_LITERAL_CONVERSION = YES;
				CLANG_WARN_OBJC_ROOT_CLASS = YES_ERROR;
				CLANG_WARN_RANGE_LOOP_ANALYSIS = YES;
				CLANG_WARN_STRICT_PROTOTYPES = YES;
				CLANG_WARN_SUSPICIOUS_MOVE = YES;
				CLANG_WARN_UNGUARDED_AVAILABILITY = YES_AGGRESSIVE;
				CLANG_WARN_UNREACHABLE_CODE = YES;
				CLANG_WARN__DUPLICATE_METHOD_MATCH = YES;
				COPY_PHASE_STRIP = NO;
				DEBUG_INFORMATION_FORMAT = "dwarf-with-dsym";
				ENABLE_NS_ASSERTIONS = NO;
				ENABLE_STRICT_OBJC_MSGSEND = YES;
				GCC_C_LANGUAGE_STANDARD = gnu11;
				GCC_NO_COMMON_BLOCKS = YES;
				GCC_WARN_64_TO_32_BIT_CONVERSION = YES;
				GCC_WARN_ABOUT_RETURN_TYPE = YES_ERROR;
				GCC_WARN_UNDECLARED_SELECTOR = YES;
				GCC_WARN_UNINITIALIZED_AUTOS = YES_AGGRESSIVE;
				GCC_WARN_UNUSED_FUNCTION = YES;
				GCC_WARN_UNUSED_VARIABLE = YES;
				IPHONEOS_DEPLOYMENT_TARGET = 13.0;
				MTL_ENABLE_DEBUG_INFO = NO;
				MTL_FAST_MATH = YES;
				SDKROOT = iphoneos;
				SWIFT_COMPILATION_MODE = wholemodule;
				SWIFT_OPTIMIZATION_LEVEL = "-O";
				VALIDATE_PRODUCT = YES;
			};
			name = Release;
		};
		B51B52AE236091F5008E4808 /* Debug */ = {
			isa = XCBuildConfiguration;
			buildSettings = {
				ASSETCATALOG_COMPILER_APPICON_NAME = AppIcon;
				CODE_SIGN_STYLE = Automatic;
				CURRENT_PROJECT_VERSION = 1;
				DEVELOPMENT_TEAM = UH5E4S62N6;
				INFOPLIST_FILE = "$(SRCROOT)/sidebar/Supported files/Info.plist";
				IPHONEOS_DEPLOYMENT_TARGET = 12.0;
				LD_RUNPATH_SEARCH_PATHS = (
					"$(inherited)",
					"@executable_path/Frameworks",
				);
				MARKETING_VERSION = 1.0;
				PRODUCT_BUNDLE_IDENTIFIER = com.app.sidebar;
				PRODUCT_NAME = "$(TARGET_NAME)";
				SWIFT_VERSION = 5.0;
				TARGETED_DEVICE_FAMILY = "1,2";
			};
			name = Debug;
		};
		B51B52AF236091F5008E4808 /* Release */ = {
			isa = XCBuildConfiguration;
			buildSettings = {
				ASSETCATALOG_COMPILER_APPICON_NAME = AppIcon;
				CODE_SIGN_STYLE = Automatic;
				CURRENT_PROJECT_VERSION = 1;
				DEVELOPMENT_TEAM = UH5E4S62N6;
				INFOPLIST_FILE = "$(SRCROOT)/sidebar/Supported files/Info.plist";
				IPHONEOS_DEPLOYMENT_TARGET = 12.0;
				LD_RUNPATH_SEARCH_PATHS = (
					"$(inherited)",
					"@executable_path/Frameworks",
				);
				MARKETING_VERSION = 1.0;
				PRODUCT_BUNDLE_IDENTIFIER = com.app.sidebar;
				PRODUCT_NAME = "$(TARGET_NAME)";
				SWIFT_VERSION = 5.0;
				TARGETED_DEVICE_FAMILY = "1,2";
			};
			name = Release;
		};
/* End XCBuildConfiguration section */

/* Begin XCConfigurationList section */
		B51B5294236091F1008E4808 /* Build configuration list for PBXProject "sidebar" */ = {
			isa = XCConfigurationList;
			buildConfigurations = (
				B51B52AB236091F5008E4808 /* Debug */,
				B51B52AC236091F5008E4808 /* Release */,
			);
			defaultConfigurationIsVisible = 0;
			defaultConfigurationName = Release;
		};
		B51B52AD236091F5008E4808 /* Build configuration list for PBXNativeTarget "sidebar" */ = {
			isa = XCConfigurationList;
			buildConfigurations = (
				B51B52AE236091F5008E4808 /* Debug */,
				B51B52AF236091F5008E4808 /* Release */,
			);
			defaultConfigurationIsVisible = 0;
			defaultConfigurationName = Release;
		};
/* End XCConfigurationList section */
	};
	rootObject = B51B5291236091F1008E4808 /* Project object */;
}
